
Microsoft Visual Studio Solution File, Format Version 12.00
# Visual Studio Version 16
VisualStudioVersion = 16.0.30114.105
MinimumVisualStudioVersion = 10.0.40219.1
Project("{FAE04EC0-301F-11D3-BF4B-00C04F79EFBC}") = "Dbarone.Net.Extensions.Object", "Dbarone.Net.Extensions.Object\Dbarone.Net.Extensions.Object.csproj", "{4AF2284E-69A9-45D0-B319-F67D3193D1CC}"
EndProject
Project("{FAE04EC0-301F-11D3-BF4B-00C04F79EFBC}") = "Dbarone.Net.Extensions.Object.Tests", "Dbarone.Net.Extensions.Object.Tests\Dbarone.Net.Extensions.Object.Tests.csproj", "{9B969E32-9AE6-4418-8CD5-246BC982F947}"
EndProject
Global
	GlobalSection(SolutionConfigurationPlatforms) = preSolution
		Debug|Any CPU = Debug|Any CPU
		Release|Any CPU = Release|Any CPU
	EndGlobalSection
	GlobalSection(SolutionProperties) = preSolution
		HideSolutionNode = FALSE
	EndGlobalSection
	GlobalSection(ProjectConfigurationPlatforms) = postSolution
		{4AF2284E-69A9-45D0-B319-F67D3193D1CC}.Debug|Any CPU.ActiveCfg = Debug|Any CPU
		{4AF2284E-69A9-45D0-B319-F67D3193D1CC}.Debug|Any CPU.Build.0 = Debug|Any CPU
		{4AF2284E-69A9-45D0-B319-F67D3193D1CC}.Release|Any CPU.ActiveCfg = Release|Any CPU
		{4AF2284E-69A9-45D0-B319-F67D3193D1CC}.Release|Any CPU.Build.0 = Release|Any CPU
		{0C3956E4-7E39-4E34-B3DB-6C0E436783ED}.Debug|Any CPU.ActiveCfg = Debug|Any CPU
		{0C3956E4-7E39-4E34-B3DB-6C0E436783ED}.Debug|Any CPU.Build.0 = Debug|Any CPU
		{0C3956E4-7E39-4E34-B3DB-6C0E436783ED}.Release|Any CPU.ActiveCfg = Release|Any CPU
		{0C3956E4-7E39-4E34-B3DB-6C0E436783ED}.Release|Any CPU.Build.0 = Release|Any CPU
		{9B969E32-9AE6-4418-8CD5-246BC982F947}.Debug|Any CPU.ActiveCfg = Debug|Any CPU
		{9B969E32-9AE6-4418-8CD5-246BC982F947}.Debug|Any CPU.Build.0 = Debug|Any CPU
		{9B969E32-9AE6-4418-8CD5-246BC982F947}.Release|Any CPU.ActiveCfg = Release|Any CPU
		{9B969E32-9AE6-4418-8CD5-246BC982F947}.Release|Any CPU.Build.0 = Release|Any CPU
	EndGlobalSection
EndGlobal
